// !$*UTF8*$!
{
	archiveVersion = 1;
	classes = {
	};
	objectVersion = 77;
	objects = {

/* Begin PBXBuildFile section */
		56BABE722E604C93005EC773 /* Assets.xcassets in Resources */ = {isa = PBXBuildFile; fileRef = 56BABE712E604C93005EC773 /* Assets.xcassets */; };
		56BABEB32E604DA5005EC773 /* LaunchpadReplacementApp.swift in Sources */ = {isa = PBXBuildFile; fileRef = 56BABEB22E604D9C005EC773 /* LaunchpadReplacementApp.swift */; };
		56BABEBC2E605FFB005EC773 /* ContentView.swift in Sources */ = {isa = PBXBuildFile; fileRef = 56BABEBA2E605FEE005EC773 /* ContentView.swift */; };
/* End PBXBuildFile section */

/* Begin PBXContainerItemProxy section */
		56BABE7B2E604C94005EC773 /* PBXContainerItemProxy */ = {
			isa = PBXContainerItemProxy;
			containerPortal = 56BABE5F2E604C92005EC773 /* Project object */;
			proxyType = 1;
			remoteGlobalIDString = 56BABE662E604C92005EC773;
			remoteInfo = LaunchpadReplacement;
		};
		56BABE852E604C94005EC773 /* PBXContainerItemProxy */ = {
			isa = PBXContainerItemProxy;
			containerPortal = 56BABE5F2E604C92005EC773 /* Project object */;
			proxyType = 1;
			remoteGlobalIDString = 56BABE662E604C92005EC773;
			remoteInfo = LaunchpadReplacement;
		};
/* End PBXContainerItemProxy section */

/* Begin PBXFileReference section */
		56BABE672E604C92005EC773 /* LaunchpadReplacement.app */ = {isa = PBXFileReference; explicitFileType = wrapper.application; includeInIndex = 0; path = LaunchpadReplacement.app; sourceTree = BUILT_PRODUCTS_DIR; };
		56BABE712E604C93005EC773 /* Assets.xcassets */ = {isa = PBXFileReference; lastKnownFileType = folder.assetcatalog; path = Assets.xcassets; sourceTree = "<group>"; };
		56BABE7A2E604C94005EC773 /* LaunchpadReplacementTests.xctest */ = {isa = PBXFileReference; explicitFileType = wrapper.cfbundle; includeInIndex = 0; path = LaunchpadReplacementTests.xctest; sourceTree = BUILT_PRODUCTS_DIR; };
		56BABE842E604C94005EC773 /* LaunchpadReplacementUITests.xctest */ = {isa = PBXFileReference; explicitFileType = wrapper.cfbundle; includeInIndex = 0; path = LaunchpadReplacementUITests.xctest; sourceTree = BUILT_PRODUCTS_DIR; };
		56BABEB22E604D9C005EC773 /* LaunchpadReplacementApp.swift */ = {isa = PBXFileReference; lastKnownFileType = sourcecode.swift; path = LaunchpadReplacementApp.swift; sourceTree = "<group>"; };
		56BABEBA2E605FEE005EC773 /* ContentView.swift */ = {isa = PBXFileReference; lastKnownFileType = sourcecode.swift; path = ContentView.swift; sourceTree = "<group>"; };
/* End PBXFileReference section */

/* Begin PBXFileSystemSynchronizedRootGroup section */
		56BABE692E604C92005EC773 /* LaunchpadReplacement */ = {
			isa = PBXFileSystemSynchronizedRootGroup;
			path = LaunchpadReplacement;
			sourceTree = "<group>";
		};
		56BABE7D2E604C94005EC773 /* LaunchpadReplacementTests */ = {
			isa = PBXFileSystemSynchronizedRootGroup;
			path = LaunchpadReplacementTests;
			sourceTree = "<group>";
		};
		56BABE872E604C94005EC773 /* LaunchpadReplacementUITests */ = {
			isa = PBXFileSystemSynchronizedRootGroup;
			path = LaunchpadReplacementUITests;
			sourceTree = "<group>";
		};
		56BABE972E604CC3005EC773 /* Views */ = {
			isa = PBXFileSystemSynchronizedRootGroup;
			path = Views;
			sourceTree = "<group>";
		};
		56BABE982E604CD4005EC773 /* Models */ = {
			isa = PBXFileSystemSynchronizedRootGroup;
			path = Models;
			sourceTree = "<group>";
		};
		56BABE992E604CDF005EC773 /* Utilities */ = {
			isa = PBXFileSystemSynchronizedRootGroup;
			path = Utilities;
			sourceTree = "<group>";
		};
/* End PBXFileSystemSynchronizedRootGroup section */

/* Begin PBXFrameworksBuildPhase section */
		56BABE642E604C92005EC773 /* Frameworks */ = {
			isa = PBXFrameworksBuildPhase;
			buildActionMask = 2147483647;
			files = (
			);
			runOnlyForDeploymentPostprocessing = 0;
		};
		56BABE772E604C94005EC773 /* Frameworks */ = {
			isa = PBXFrameworksBuildPhase;
			buildActionMask = 2147483647;
			files = (
			);
			runOnlyForDeploymentPostprocessing = 0;
		};
		56BABE812E604C94005EC773 /* Frameworks */ = {
			isa = PBXFrameworksBuildPhase;
			buildActionMask = 2147483647;
			files = (
			);
			runOnlyForDeploymentPostprocessing = 0;
		};
/* End PBXFrameworksBuildPhase section */

/* Begin PBXGroup section */
		56BABE5E2E604C92005EC773 = {
			isa = PBXGroup;
			children = (
				56BABEBA2E605FEE005EC773 /* ContentView.swift */,
				56BABE712E604C93005EC773 /* Assets.xcassets */,
				56BABEB22E604D9C005EC773 /* LaunchpadReplacementApp.swift */,
				56BABE972E604CC3005EC773 /* Views */,
				56BABE992E604CDF005EC773 /* Utilities */,
				56BABE982E604CD4005EC773 /* Models */,
				56BABE692E604C92005EC773 /* LaunchpadReplacement */,
				56BABE7D2E604C94005EC773 /* LaunchpadReplacementTests */,
				56BABE872E604C94005EC773 /* LaunchpadReplacementUITests */,
				56BABE682E604C92005EC773 /* Products */,
			);
			sourceTree = "<group>";
		};
		56BABE682E604C92005EC773 /* Products */ = {
			isa = PBXGroup;
			children = (
				56BABE672E604C92005EC773 /* LaunchpadReplacement.app */,
				56BABE7A2E604C94005EC773 /* LaunchpadReplacementTests.xctest */,
				56BABE842E604C94005EC773 /* LaunchpadReplacementUITests.xctest */,
			);
			name = Products;
			sourceTree = "<group>";
		};
/* End PBXGroup section */

/* Begin PBXNativeTarget section */
		56BABE662E604C92005EC773 /* LaunchpadReplacement */ = {
			isa = PBXNativeTarget;
			buildConfigurationList = 56BABE8E2E604C94005EC773 /* Build configuration list for PBXNativeTarget "LaunchpadReplacement" */;
			buildPhases = (
				56BABE632E604C92005EC773 /* Sources */,
				56BABE642E604C92005EC773 /* Frameworks */,
				56BABE652E604C92005EC773 /* Resources */,
			);
			buildRules = (
			);
			dependencies = (
			);
			fileSystemSynchronizedGroups = (
				56BABE692E604C92005EC773 /* LaunchpadReplacement */,
				56BABE972E604CC3005EC773 /* Views */,
				56BABE982E604CD4005EC773 /* Models */,
				56BABE992E604CDF005EC773 /* Utilities */,
			);
			name = LaunchpadReplacement;
			packageProductDependencies = (
			);
			productName = LaunchpadReplacement;
			productReference = 56BABE672E604C92005EC773 /* LaunchpadReplacement.app */;
			productType = "com.apple.product-type.application";
		};
		56BABE792E604C94005EC773 /* LaunchpadReplacementTests */ = {
			isa = PBXNativeTarget;
			buildConfigurationList = 56BABE912E604C94005EC773 /* Build configuration list for PBXNativeTarget "LaunchpadReplacementTests" */;
			buildPhases = (
				56BABE762E604C94005EC773 /* Sources */,
				56BABE772E604C94005EC773 /* Frameworks */,
				56BABE782E604C94005EC773 /* Resources */,
			);
			buildRules = (
			);
			dependencies = (
				56BABE7C2E604C94005EC773 /* PBXTargetDependency */,
			);
			fileSystemSynchronizedGroups = (
				56BABE7D2E604C94005EC773 /* LaunchpadReplacementTests */,
			);
			name = LaunchpadReplacementTests;
			packageProductDependencies = (
			);
			productName = LaunchpadReplacementTests;
			productReference = 56BABE7A2E604C94005EC773 /* LaunchpadReplacementTests.xctest */;
			productType = "com.apple.product-type.bundle.unit-test";
		};
		56BABE832E604C94005EC773 /* LaunchpadReplacementUITests */ = {
			isa = PBXNativeTarget;
			buildConfigurationList = 56BABE942E604C94005EC773 /* Build configuration list for PBXNativeTarget "LaunchpadReplacementUITests" */;
			buildPhases = (
				56BABE802E604C94005EC773 /* Sources */,
				56BABE812E604C94005EC773 /* Frameworks */,
				56BABE822E604C94005EC773 /* Resources */,
			);
			buildRules = (
			);
			dependencies = (
				56BABE862E604C94005EC773 /* PBXTargetDependency */,
			);
			fileSystemSynchronizedGroups = (
				56BABE872E604C94005EC773 /* LaunchpadReplacementUITests */,
			);
			name = LaunchpadReplacementUITests;
			packageProductDependencies = (
			);
			productName = LaunchpadReplacementUITests;
			productReference = 56BABE842E604C94005EC773 /* LaunchpadReplacementUITests.xctest */;
			productType = "com.apple.product-type.bundle.ui-testing";
		};
/* End PBXNativeTarget section */

/* Begin PBXProject section */
		56BABE5F2E604C92005EC773 /* Project object */ = {
			isa = PBXProject;
			attributes = {
				BuildIndependentTargetsInParallel = 1;
				LastSwiftUpdateCheck = 2600;
				LastUpgradeCheck = 2600;
				TargetAttributes = {
					56BABE662E604C92005EC773 = {
						CreatedOnToolsVersion = 26.0;
					};
					56BABE792E604C94005EC773 = {
						CreatedOnToolsVersion = 26.0;
						TestTargetID = 56BABE662E604C92005EC773;
					};
					56BABE832E604C94005EC773 = {
						CreatedOnToolsVersion = 26.0;
						TestTargetID = 56BABE662E604C92005EC773;
					};
				};
			};
			buildConfigurationList = 56BABE622E604C92005EC773 /* Build configuration list for PBXProject "LaunchpadReplacement" */;
			developmentRegion = en;
			hasScannedForEncodings = 0;
			knownRegions = (
				en,
				Base,
			);
			mainGroup = 56BABE5E2E604C92005EC773;
			minimizedProjectReferenceProxies = 1;
			preferredProjectObjectVersion = 77;
			productRefGroup = 56BABE682E604C92005EC773 /* Products */;
			projectDirPath = "";
			projectRoot = "";
			targets = (
				56BABE662E604C92005EC773 /* LaunchpadReplacement */,
				56BABE792E604C94005EC773 /* LaunchpadReplacementTests */,
				56BABE832E604C94005EC773 /* LaunchpadReplacementUITests */,
			);
		};
/* End PBXProject section */

/* Begin PBXResourcesBuildPhase section */
		56BABE652E604C92005EC773 /* Resources */ = {
			isa = PBXResourcesBuildPhase;
			buildActionMask = 2147483647;
			files = (
				56BABE722E604C93005EC773 /* Assets.xcassets in Resources */,
			);
			runOnlyForDeploymentPostprocessing = 0;
		};
		56BABE782E604C94005EC773 /* Resources */ = {
			isa = PBXResourcesBuildPhase;
			buildActionMask = 2147483647;
			files = (
			);
			runOnlyForDeploymentPostprocessing = 0;
		};
		56BABE822E604C94005EC773 /* Resources */ = {
			isa = PBXResourcesBuildPhase;
			buildActionMask = 2147483647;
			files = (
			);
			runOnlyForDeploymentPostprocessing = 0;
		};
/* End PBXResourcesBuildPhase section */

/* Begin PBXSourcesBuildPhase section */
		56BABE632E604C92005EC773 /* Sources */ = {
			isa = PBXSourcesBuildPhase;
			buildActionMask = 2147483647;
			files = (
				56BABEB32E604DA5005EC773 /* LaunchpadReplacementApp.swift in Sources */,
				56BABEBC2E605FFB005EC773 /* ContentView.swift in Sources */,
			);
			runOnlyForDeploymentPostprocessing = 0;
		};
		56BABE762E604C94005EC773 /* Sources */ = {
			isa = PBXSourcesBuildPhase;
			buildActionMask = 2147483647;
			files = (
			);
			runOnlyForDeploymentPostprocessing = 0;
		};
		56BABE802E604C94005EC773 /* Sources */ = {
			isa = PBXSourcesBuildPhase;
			buildActionMask = 2147483647;
			files = (
			);
			runOnlyForDeploymentPostprocessing = 0;
		};
/* End PBXSourcesBuildPhase section */

/* Begin PBXTargetDependency section */
		56BABE7C2E604C94005EC773 /* PBXTargetDependency */ = {
			isa = PBXTargetDependency;
			target = 56BABE662E604C92005EC773 /* LaunchpadReplacement */;
			targetProxy = 56BABE7B2E604C94005EC773 /* PBXContainerItemProxy */;
		};
		56BABE862E604C94005EC773 /* PBXTargetDependency */ = {
			isa = PBXTargetDependency;
			target = 56BABE662E604C92005EC773 /* LaunchpadReplacement */;
			targetProxy = 56BABE852E604C94005EC773 /* PBXContainerItemProxy */;
		};
/* End PBXTargetDependency section */

/* Begin XCBuildConfiguration section */
		56BABE8C2E604C94005EC773 /* Debug */ = {
			isa = XCBuildConfiguration;
			buildSettings = {
				ALWAYS_SEARCH_USER_PATHS = NO;
				ASSETCATALOG_COMPILER_GENERATE_SWIFT_ASSET_SYMBOL_EXTENSIONS = YES;
				CLANG_ANALYZER_NONNULL = YES;
				CLANG_ANALYZER_NUMBER_OBJECT_CONVERSION = YES_AGGRESSIVE;
				CLANG_CXX_LANGUAGE_STANDARD = "gnu++20";
				CLANG_ENABLE_MODULES = YES;
				CLANG_ENABLE_OBJC_ARC = YES;
				CLANG_ENABLE_OBJC_WEAK = YES;
				CLANG_WARN_BLOCK_CAPTURE_AUTORELEASING = YES;
				CLANG_WARN_BOOL_CONVERSION = YES;
				CLANG_WARN_COMMA = YES;
				CLANG_WARN_CONSTANT_CONVERSION = YES;
				CLANG_WARN_DEPRECATED_OBJC_IMPLEMENTATIONS = YES;
				CLANG_WARN_DIRECT_OBJC_ISA_USAGE = YES_ERROR;
				CLANG_WARN_DOCUMENTATION_COMMENTS = YES;
				CLANG_WARN_EMPTY_BODY = YES;
				CLANG_WARN_ENUM_CONVERSION = YES;
				CLANG_WARN_INFINITE_RECURSION = YES;
				CLANG_WARN_INT_CONVERSION = YES;
				CLANG_WARN_NON_LITERAL_NULL_CONVERSION = YES;
				CLANG_WARN_OBJC_IMPLICIT_RETAIN_SELF = YES;
				CLANG_WARN_OBJC_LITERAL_CONVERSION = YES;
				CLANG_WARN_OBJC_ROOT_CLASS = YES_ERROR;
				CLANG_WARN_QUOTED_INCLUDE_IN_FRAMEWORK_HEADER = YES;
				CLANG_WARN_RANGE_LOOP_ANALYSIS = YES;
				CLANG_WARN_STRICT_PROTOTYPES = YES;
				CLANG_WARN_SUSPICIOUS_MOVE = YES;
				CLANG_WARN_UNGUARDED_AVAILABILITY = YES_AGGRESSIVE;
				CLANG_WARN_UNREACHABLE_CODE = YES;
				CLANG_WARN__DUPLICATE_METHOD_MATCH = YES;
				COPY_PHASE_STRIP = NO;
				DEBUG_INFORMATION_FORMAT = dwarf;
				DEVELOPMENT_TEAM = PC6F9D3282;
				ENABLE_STRICT_OBJC_MSGSEND = YES;
				ENABLE_TESTABILITY = YES;
				ENABLE_USER_SCRIPT_SANDBOXING = YES;
				GCC_C_LANGUAGE_STANDARD = gnu17;
				GCC_DYNAMIC_NO_PIC = NO;
				GCC_NO_COMMON_BLOCKS = YES;
				GCC_OPTIMIZATION_LEVEL = 0;
				GCC_PREPROCESSOR_DEFINITIONS = (
					"DEBUG=1",
					"$(inherited)",
				);
				GCC_WARN_64_TO_32_BIT_CONVERSION = YES;
				GCC_WARN_ABOUT_RETURN_TYPE = YES_ERROR;
				GCC_WARN_UNDECLARED_SELECTOR = YES;
				GCC_WARN_UNINITIALIZED_AUTOS = YES_AGGRESSIVE;
				GCC_WARN_UNUSED_FUNCTION = YES;
				GCC_WARN_UNUSED_VARIABLE = YES;
				LOCALIZATION_PREFERS_STRING_CATALOGS = YES;
				MACOSX_DEPLOYMENT_TARGET = 26.0;
				MTL_ENABLE_DEBUG_INFO = INCLUDE_SOURCE;
				MTL_FAST_MATH = YES;
				ONLY_ACTIVE_ARCH = YES;
				SDKROOT = macosx;
				SWIFT_ACTIVE_COMPILATION_CONDITIONS = "DEBUG $(inherited)";
				SWIFT_OPTIMIZATION_LEVEL = "-Onone";
			};
			name = Debug;
		};
		56BABE8D2E604C94005EC773 /* Release */ = {
			isa = XCBuildConfiguration;
			buildSettings = {
				ALWAYS_SEARCH_USER_PATHS = NO;
				ASSETCATALOG_COMPILER_GENERATE_SWIFT_ASSET_SYMBOL_EXTENSIONS = YES;
				CLANG_ANALYZER_NONNULL = YES;
				CLANG_ANALYZER_NUMBER_OBJECT_CONVERSION = YES_AGGRESSIVE;
				CLANG_CXX_LANGUAGE_STANDARD = "gnu++20";
				CLANG_ENABLE_MODULES = YES;
				CLANG_ENABLE_OBJC_ARC = YES;
				CLANG_ENABLE_OBJC_WEAK = YES;
				CLANG_WARN_BLOCK_CAPTURE_AUTORELEASING = YES;
				CLANG_WARN_BOOL_CONVERSION = YES;
				CLANG_WARN_COMMA = YES;
				CLANG_WARN_CONSTANT_CONVERSION = YES;
				CLANG_WARN_DEPRECATED_OBJC_IMPLEMENTATIONS = YES;
				CLANG_WARN_DIRECT_OBJC_ISA_USAGE = YES_ERROR;
				CLANG_WARN_DOCUMENTATION_COMMENTS = YES;
				CLANG_WARN_EMPTY_BODY = YES;
				CLANG_WARN_ENUM_CONVERSION = YES;
				CLANG_WARN_INFINITE_RECURSION = YES;
				CLANG_WARN_INT_CONVERSION = YES;
				CLANG_WARN_NON_LITERAL_NULL_CONVERSION = YES;
				CLANG_WARN_OBJC_IMPLICIT_RETAIN_SELF = YES;
				CLANG_WARN_OBJC_LITERAL_CONVERSION = YES;
				CLANG_WARN_OBJC_ROOT_CLASS = YES_ERROR;
				CLANG_WARN_QUOTED_INCLUDE_IN_FRAMEWORK_HEADER = YES;
				CLANG_WARN_RANGE_LOOP_ANALYSIS = YES;
				CLANG_WARN_STRICT_PROTOTYPES = YES;
				CLANG_WARN_SUSPICIOUS_MOVE = YES;
				CLANG_WARN_UNGUARDED_AVAILABILITY = YES_AGGRESSIVE;
				CLANG_WARN_UNREACHABLE_CODE = YES;
				CLANG_WARN__DUPLICATE_METHOD_MATCH = YES;
				COPY_PHASE_STRIP = NO;
				DEBUG_INFORMATION_FORMAT = "dwarf-with-dsym";
				DEVELOPMENT_TEAM = PC6F9D3282;
				ENABLE_NS_ASSERTIONS = NO;
				ENABLE_STRICT_OBJC_MSGSEND = YES;
				ENABLE_USER_SCRIPT_SANDBOXING = YES;
				GCC_C_LANGUAGE_STANDARD = gnu17;
				GCC_NO_COMMON_BLOCKS = YES;
				GCC_WARN_64_TO_32_BIT_CONVERSION = YES;
				GCC_WARN_ABOUT_RETURN_TYPE = YES_ERROR;
				GCC_WARN_UNDECLARED_SELECTOR = YES;
				GCC_WARN_UNINITIALIZED_AUTOS = YES_AGGRESSIVE;
				GCC_WARN_UNUSED_FUNCTION = YES;
				GCC_WARN_UNUSED_VARIABLE = YES;
				LOCALIZATION_PREFERS_STRING_CATALOGS = YES;
				MACOSX_DEPLOYMENT_TARGET = 26.0;
				MTL_ENABLE_DEBUG_INFO = NO;
				MTL_FAST_MATH = YES;
				SDKROOT = macosx;
				SWIFT_COMPILATION_MODE = wholemodule;
			};
			name = Release;
		};
		56BABE8F2E604C94005EC773 /* Debug */ = {
			isa = XCBuildConfiguration;
			buildSettings = {
				ASSETCATALOG_COMPILER_APPICON_NAME = AppIcon;
				ASSETCATALOG_COMPILER_GLOBAL_ACCENT_COLOR_NAME = AccentColor;
				CODE_SIGN_STYLE = Automatic;
				COMBINE_HIDPI_IMAGES = YES;
				CURRENT_PROJECT_VERSION = 1;
				DEVELOPMENT_TEAM = PC6F9D3282;
				ENABLE_APP_SANDBOX = YES;
				ENABLE_HARDENED_RUNTIME = YES;
				ENABLE_USER_SELECTED_FILES = readonly;
				GENERATE_INFOPLIST_FILE = YES;
				INFOPLIST_KEY_NSHumanReadableCopyright = "";
				INFOPLIST_KEY_NSMainStoryboardFile = Main;
				INFOPLIST_KEY_NSPrincipalClass = NSApplication;
				LD_RUNPATH_SEARCH_PATHS = (
					"$(inherited)",
					"@executable_path/../Frameworks",
				);
				MARKETING_VERSION = 1.0;
				PRODUCT_BUNDLE_IDENTIFIER = com.charlie.LaunchpadReplacement;
				PRODUCT_NAME = "$(TARGET_NAME)";
				REGISTER_APP_GROUPS = YES;
				STRING_CATALOG_GENERATE_SYMBOLS = YES;
				SWIFT_APPROACHABLE_CONCURRENCY = YES;
				SWIFT_DEFAULT_ACTOR_ISOLATION = MainActor;
				SWIFT_EMIT_LOC_STRINGS = YES;
				SWIFT_UPCOMING_FEATURE_MEMBER_IMPORT_VISIBILITY = YES;
				SWIFT_VERSION = 5.0;
			};
			name = Debug;
		};
		56BABE902E604C94005EC773 /* Release */ = {
			isa = XCBuildConfiguration;
			buildSettings = {
				ASSETCATALOG_COMPILER_APPICON_NAME = AppIcon;
				ASSETCATALOG_COMPILER_GLOBAL_ACCENT_COLOR_NAME = AccentColor;
				CODE_SIGN_STYLE = Automatic;
				COMBINE_HIDPI_IMAGES = YES;
				CURRENT_PROJECT_VERSION = 1;
				DEVELOPMENT_TEAM = PC6F9D3282;
				ENABLE_APP_SANDBOX = YES;
				ENABLE_HARDENED_RUNTIME = YES;
				ENABLE_USER_SELECTED_FILES = readonly;
				GENERATE_INFOPLIST_FILE = YES;
				INFOPLIST_KEY_NSHumanReadableCopyright = "";
				INFOPLIST_KEY_NSMainStoryboardFile = Main;
				INFOPLIST_KEY_NSPrincipalClass = NSApplication;
				LD_RUNPATH_SEARCH_PATHS = (
					"$(inherited)",
					"@executable_path/../Frameworks",
				);
				MARKETING_VERSION = 1.0;
				PRODUCT_BUNDLE_IDENTIFIER = com.charlie.LaunchpadReplacement;
				PRODUCT_NAME = "$(TARGET_NAME)";
				REGISTER_APP_GROUPS = YES;
				STRING_CATALOG_GENERATE_SYMBOLS = YES;
				SWIFT_APPROACHABLE_CONCURRENCY = YES;
				SWIFT_DEFAULT_ACTOR_ISOLATION = MainActor;
				SWIFT_EMIT_LOC_STRINGS = YES;
				SWIFT_UPCOMING_FEATURE_MEMBER_IMPORT_VISIBILITY = YES;
				SWIFT_VERSION = 5.0;
			};
			name = Release;
		};
		56BABE922E604C94005EC773 /* Debug */ = {
			isa = XCBuildConfiguration;
			buildSettings = {
				BUNDLE_LOADER = "$(TEST_HOST)";
				CODE_SIGN_STYLE = Automatic;
				CURRENT_PROJECT_VERSION = 1;
				DEVELOPMENT_TEAM = PC6F9D3282;
				GENERATE_INFOPLIST_FILE = YES;
				MACOSX_DEPLOYMENT_TARGET = 26.0;
				MARKETING_VERSION = 1.0;
				PRODUCT_BUNDLE_IDENTIFIER = com.charlie.LaunchpadReplacementTests;
				PRODUCT_NAME = "$(TARGET_NAME)";
				STRING_CATALOG_GENERATE_SYMBOLS = NO;
				SWIFT_APPROACHABLE_CONCURRENCY = YES;
				SWIFT_EMIT_LOC_STRINGS = NO;
				SWIFT_UPCOMING_FEATURE_MEMBER_IMPORT_VISIBILITY = YES;
				SWIFT_VERSION = 5.0;
				TEST_HOST = "$(BUILT_PRODUCTS_DIR)/LaunchpadReplacement.app/$(BUNDLE_EXECUTABLE_FOLDER_PATH)/LaunchpadReplacement";
			};
			name = Debug;
		};
		56BABE932E604C94005EC773 /* Release */ = {
			isa = XCBuildConfiguration;
			buildSettings = {
				BUNDLE_LOADER = "$(TEST_HOST)";
				CODE_SIGN_STYLE = Automatic;
				CURRENT_PROJECT_VERSION = 1;
				DEVELOPMENT_TEAM = PC6F9D3282;
				GENERATE_INFOPLIST_FILE = YES;
				MACOSX_DEPLOYMENT_TARGET = 26.0;
				MARKETING_VERSION = 1.0;
				PRODUCT_BUNDLE_IDENTIFIER = com.charlie.LaunchpadReplacementTests;
				PRODUCT_NAME = "$(TARGET_NAME)";
				STRING_CATALOG_GENERATE_SYMBOLS = NO;
				SWIFT_APPROACHABLE_CONCURRENCY = YES;
				SWIFT_EMIT_LOC_STRINGS = NO;
				SWIFT_UPCOMING_FEATURE_MEMBER_IMPORT_VISIBILITY = YES;
				SWIFT_VERSION = 5.0;
				TEST_HOST = "$(BUILT_PRODUCTS_DIR)/LaunchpadReplacement.app/$(BUNDLE_EXECUTABLE_FOLDER_PATH)/LaunchpadReplacement";
			};
			name = Release;
		};
		56BABE952E604C94005EC773 /* Debug */ = {
			isa = XCBuildConfiguration;
			buildSettings = {
				CODE_SIGN_STYLE = Automatic;
				CURRENT_PROJECT_VERSION = 1;
				DEVELOPMENT_TEAM = PC6F9D3282;
				GENERATE_INFOPLIST_FILE = YES;
				MARKETING_VERSION = 1.0;
				PRODUCT_BUNDLE_IDENTIFIER = com.charlie.LaunchpadReplacementUITests;
				PRODUCT_NAME = "$(TARGET_NAME)";
				STRING_CATALOG_GENERATE_SYMBOLS = NO;
				SWIFT_APPROACHABLE_CONCURRENCY = YES;
				SWIFT_EMIT_LOC_STRINGS = NO;
				SWIFT_UPCOMING_FEATURE_MEMBER_IMPORT_VISIBILITY = YES;
				SWIFT_VERSION = 5.0;
				TEST_TARGET_NAME = LaunchpadReplacement;
			};
			name = Debug;
		};
		56BABE962E604C94005EC773 /* Release */ = {
			isa = XCBuildConfiguration;
			buildSettings = {
				CODE_SIGN_STYLE = Automatic;
				CURRENT_PROJECT_VERSION = 1;
				DEVELOPMENT_TEAM = PC6F9D3282;
				GENERATE_INFOPLIST_FILE = YES;
				MARKETING_VERSION = 1.0;
				PRODUCT_BUNDLE_IDENTIFIER = com.charlie.LaunchpadReplacementUITests;
				PRODUCT_NAME = "$(TARGET_NAME)";
				STRING_CATALOG_GENERATE_SYMBOLS = NO;
				SWIFT_APPROACHABLE_CONCURRENCY = YES;
				SWIFT_EMIT_LOC_STRINGS = NO;
				SWIFT_UPCOMING_FEATURE_MEMBER_IMPORT_VISIBILITY = YES;
				SWIFT_VERSION = 5.0;
				TEST_TARGET_NAME = LaunchpadReplacement;
			};
			name = Release;
		};
/* End XCBuildConfiguration section */

/* Begin XCConfigurationList section */
		56BABE622E604C92005EC773 /* Build configuration list for PBXProject "LaunchpadReplacement" */ = {
			isa = XCConfigurationList;
			buildConfigurations = (
				56BABE8C2E604C94005EC773 /* Debug */,
				56BABE8D2E604C94005EC773 /* Release */,
			);
			defaultConfigurationIsVisible = 0;
			defaultConfigurationName = Release;
		};
		56BABE8E2E604C94005EC773 /* Build configuration list for PBXNativeTarget "LaunchpadReplacement" */ = {
			isa = XCConfigurationList;
			buildConfigurations = (
				56BABE8F2E604C94005EC773 /* Debug */,
				56BABE902E604C94005EC773 /* Release */,
			);
			defaultConfigurationIsVisible = 0;
			defaultConfigurationName = Release;
		};
		56BABE912E604C94005EC773 /* Build configuration list for PBXNativeTarget "LaunchpadReplacementTests" */ = {
			isa = XCConfigurationList;
			buildConfigurations = (
				56BABE922E604C94005EC773 /* Debug */,
				56BABE932E604C94005EC773 /* Release */,
			);
			defaultConfigurationIsVisible = 0;
			defaultConfigurationName = Release;
		};
		56BABE942E604C94005EC773 /* Build configuration list for PBXNativeTarget "LaunchpadReplacementUITests" */ = {
			isa = XCConfigurationList;
			buildConfigurations = (
				56BABE952E604C94005EC773 /* Debug */,
				56BABE962E604C94005EC773 /* Release */,
			);
			defaultConfigurationIsVisible = 0;
			defaultConfigurationName = Release;
		};
/* End XCConfigurationList section */
	};
	rootObject = 56BABE5F2E604C92005EC773 /* Project object */;
}
